
Microsoft Visual Studio Solution File, Format Version 12.00
# Visual Studio Version 17
VisualStudioVersion = 17.6.33829.357
MinimumVisualStudioVersion = 10.0.40219.1
Project("{888888A0-9F3D-457C-B088-3A5042F75D52}") = "phg", "phg\phg.pyproj", "{8BAD3310-599A-4C15-AA4C-82F244E78EDF}"
EndProject
Global
	GlobalSection(SolutionConfigurationPlatforms) = preSolution
		Debug|Any CPU = Debug|Any CPU
		Release|Any CPU = Release|Any CPU
	EndGlobalSection
	GlobalSection(ProjectConfigurationPlatforms) = postSolution
		{8BAD3310-599A-4C15-AA4C-82F244E78EDF}.Debug|Any CPU.ActiveCfg = Debug|Any CPU
		{8BAD3310-599A-4C15-AA4C-82F244E78EDF}.Release|Any CPU.ActiveCfg = Release|Any CPU
	EndGlobalSection
	GlobalSection(SolutionProperties) = preSolution
		HideSolutionNode = FALSE
	EndGlobalSection
	GlobalSection(ExtensibilityGlobals) = postSolution
		SolutionGuid = {A2E5C5B5-89A2-4CE8-A440-B5E96CDEB96E}
	EndGlobalSection
EndGlobal
